// !$*UTF8*$!
{
	archiveVersion = 1;
	classes = {
	};
	objectVersion = 77;
	objects = {

/* Begin PBXBuildFile section */
		B26CDC1A2DF6AF87002C6CEA /* Cocoa.framework in Frameworks */ = {isa = PBXBuildFile; fileRef = B26CDC192DF6AF87002C6CEA /* Cocoa.framework */; };
		B26CDC1C2DF6AF87002C6CEA /* XcodeKit.framework in Frameworks */ = {isa = PBXBuildFile; fileRef = B26CDC1B2DF6AF87002C6CEA /* XcodeKit.framework */; };
		B26CDC262DF6AF87002C6CEA /* ColorAssetCreatorExtension.appex in Embed Foundation Extensions */ = {isa = PBXBuildFile; fileRef = B26CDC172DF6AF87002C6CEA /* ColorAssetCreatorExtension.appex */; settings = {ATTRIBUTES = (RemoveHeadersOnCopy, ); }; };
/* End PBXBuildFile section */

/* Begin PBXContainerItemProxy section */
		B26CDC242DF6AF87002C6CEA /* PBXContainerItemProxy */ = {
			isa = PBXContainerItemProxy;
			containerPortal = B26CDBD52DF69DCC002C6CEA /* Project object */;
			proxyType = 1;
			remoteGlobalIDString = B26CDC162DF6AF87002C6CEA;
			remoteInfo = ColorAssetCreatorExtension;
		};
/* End PBXContainerItemProxy section */

/* Begin PBXCopyFilesBuildPhase section */
		B26CDC272DF6AF87002C6CEA /* Embed Foundation Extensions */ = {
			isa = PBXCopyFilesBuildPhase;
			buildActionMask = 2147483647;
			dstPath = "";
			dstSubfolderSpec = 13;
			files = (
				B26CDC262DF6AF87002C6CEA /* ColorAssetCreatorExtension.appex in Embed Foundation Extensions */,
			);
			name = "Embed Foundation Extensions";
			runOnlyForDeploymentPostprocessing = 0;
		};
/* End PBXCopyFilesBuildPhase section */

/* Begin PBXFileReference section */
		B26CDBDD2DF69DCC002C6CEA /* ColorAssetCreator.app */ = {isa = PBXFileReference; explicitFileType = wrapper.application; includeInIndex = 0; path = ColorAssetCreator.app; sourceTree = BUILT_PRODUCTS_DIR; };
		B26CDC172DF6AF87002C6CEA /* ColorAssetCreatorExtension.appex */ = {isa = PBXFileReference; explicitFileType = "wrapper.app-extension"; includeInIndex = 0; path = ColorAssetCreatorExtension.appex; sourceTree = BUILT_PRODUCTS_DIR; };
		B26CDC192DF6AF87002C6CEA /* Cocoa.framework */ = {isa = PBXFileReference; lastKnownFileType = wrapper.framework; name = Cocoa.framework; path = System/Library/Frameworks/Cocoa.framework; sourceTree = SDKROOT; };
		B26CDC1B2DF6AF87002C6CEA /* XcodeKit.framework */ = {isa = PBXFileReference; lastKnownFileType = wrapper.framework; name = XcodeKit.framework; path = Library/Frameworks/XcodeKit.framework; sourceTree = DEVELOPER_DIR; };
/* End PBXFileReference section */

/* Begin PBXFileSystemSynchronizedBuildFileExceptionSet section */
		B26CDC2A2DF6AF87002C6CEA /* Exceptions for "ColorAssetCreatorExtension" folder in "ColorAssetCreatorExtension" target */ = {
			isa = PBXFileSystemSynchronizedBuildFileExceptionSet;
			membershipExceptions = (
				Info.plist,
			);
			target = B26CDC162DF6AF87002C6CEA /* ColorAssetCreatorExtension */;
		};
		B26CDC2F2DF6B287002C6CEA /* Exceptions for "ColorAssetCreator" folder in "ColorAssetCreatorExtension" target */ = {
			isa = PBXFileSystemSynchronizedBuildFileExceptionSet;
			membershipExceptions = (
				Code/CreateColorView.swift,
				Code/CreateColorViewModel.swift,
				Code/RGBAInput.swift,
			);
			target = B26CDC162DF6AF87002C6CEA /* ColorAssetCreatorExtension */;
		};
/* End PBXFileSystemSynchronizedBuildFileExceptionSet section */

/* Begin PBXFileSystemSynchronizedRootGroup section */
		B26CDBDF2DF69DCC002C6CEA /* ColorAssetCreator */ = {
			isa = PBXFileSystemSynchronizedRootGroup;
			exceptions = (
				B26CDC2F2DF6B287002C6CEA /* Exceptions for "ColorAssetCreator" folder in "ColorAssetCreatorExtension" target */,
			);
			path = ColorAssetCreator;
			sourceTree = "<group>";
		};
		B26CDC1D2DF6AF87002C6CEA /* ColorAssetCreatorExtension */ = {
			isa = PBXFileSystemSynchronizedRootGroup;
			exceptions = (
				B26CDC2A2DF6AF87002C6CEA /* Exceptions for "ColorAssetCreatorExtension" folder in "ColorAssetCreatorExtension" target */,
			);
			path = ColorAssetCreatorExtension;
			sourceTree = "<group>";
		};
/* End PBXFileSystemSynchronizedRootGroup section */

/* Begin PBXFrameworksBuildPhase section */
		B26CDBDA2DF69DCC002C6CEA /* Frameworks */ = {
			isa = PBXFrameworksBuildPhase;
			buildActionMask = 2147483647;
			files = (
			);
			runOnlyForDeploymentPostprocessing = 0;
		};
		B26CDC142DF6AF87002C6CEA /* Frameworks */ = {
			isa = PBXFrameworksBuildPhase;
			buildActionMask = 2147483647;
			files = (
				B26CDC1A2DF6AF87002C6CEA /* Cocoa.framework in Frameworks */,
				B26CDC1C2DF6AF87002C6CEA /* XcodeKit.framework in Frameworks */,
			);
			runOnlyForDeploymentPostprocessing = 0;
		};
/* End PBXFrameworksBuildPhase section */

/* Begin PBXGroup section */
		B26CDBD42DF69DCC002C6CEA = {
			isa = PBXGroup;
			children = (
				B26CDBDF2DF69DCC002C6CEA /* ColorAssetCreator */,
				B26CDC1D2DF6AF87002C6CEA /* ColorAssetCreatorExtension */,
				B26CDC182DF6AF87002C6CEA /* Frameworks */,
				B26CDBDE2DF69DCC002C6CEA /* Products */,
			);
			sourceTree = "<group>";
		};
		B26CDBDE2DF69DCC002C6CEA /* Products */ = {
			isa = PBXGroup;
			children = (
				B26CDBDD2DF69DCC002C6CEA /* ColorAssetCreator.app */,
				B26CDC172DF6AF87002C6CEA /* ColorAssetCreatorExtension.appex */,
			);
			name = Products;
			sourceTree = "<group>";
		};
		B26CDC182DF6AF87002C6CEA /* Frameworks */ = {
			isa = PBXGroup;
			children = (
				B26CDC192DF6AF87002C6CEA /* Cocoa.framework */,
				B26CDC1B2DF6AF87002C6CEA /* XcodeKit.framework */,
			);
			name = Frameworks;
			sourceTree = "<group>";
		};
/* End PBXGroup section */

/* Begin PBXNativeTarget section */
		B26CDBDC2DF69DCC002C6CEA /* ColorAssetCreator */ = {
			isa = PBXNativeTarget;
			buildConfigurationList = B26CDBE92DF69DCD002C6CEA /* Build configuration list for PBXNativeTarget "ColorAssetCreator" */;
			buildPhases = (
				B26CDBD92DF69DCC002C6CEA /* Sources */,
				B26CDBDA2DF69DCC002C6CEA /* Frameworks */,
				B26CDBDB2DF69DCC002C6CEA /* Resources */,
				B26CDC272DF6AF87002C6CEA /* Embed Foundation Extensions */,
			);
			buildRules = (
			);
			dependencies = (
				B26CDC252DF6AF87002C6CEA /* PBXTargetDependency */,
			);
			fileSystemSynchronizedGroups = (
				B26CDBDF2DF69DCC002C6CEA /* ColorAssetCreator */,
			);
			name = ColorAssetCreator;
			packageProductDependencies = (
			);
			productName = ColorAssetCreator;
			productReference = B26CDBDD2DF69DCC002C6CEA /* ColorAssetCreator.app */;
			productType = "com.apple.product-type.application";
		};
		B26CDC162DF6AF87002C6CEA /* ColorAssetCreatorExtension */ = {
			isa = PBXNativeTarget;
			buildConfigurationList = B26CDC2B2DF6AF87002C6CEA /* Build configuration list for PBXNativeTarget "ColorAssetCreatorExtension" */;
			buildPhases = (
				B26CDC132DF6AF87002C6CEA /* Sources */,
				B26CDC142DF6AF87002C6CEA /* Frameworks */,
				B26CDC152DF6AF87002C6CEA /* Resources */,
			);
			buildRules = (
			);
			dependencies = (
			);
			fileSystemSynchronizedGroups = (
				B26CDC1D2DF6AF87002C6CEA /* ColorAssetCreatorExtension */,
			);
			name = ColorAssetCreatorExtension;
			packageProductDependencies = (
			);
			productName = ColorAssetCreatorExtension;
			productReference = B26CDC172DF6AF87002C6CEA /* ColorAssetCreatorExtension.appex */;
			productType = "com.apple.product-type.xcode-extension";
		};
/* End PBXNativeTarget section */

/* Begin PBXProject section */
		B26CDBD52DF69DCC002C6CEA /* Project object */ = {
			isa = PBXProject;
			attributes = {
				BuildIndependentTargetsInParallel = 1;
				LastSwiftUpdateCheck = 1630;
				LastUpgradeCheck = 1630;
				TargetAttributes = {
					B26CDBDC2DF69DCC002C6CEA = {
						CreatedOnToolsVersion = 16.3;
					};
					B26CDC162DF6AF87002C6CEA = {
						CreatedOnToolsVersion = 16.3;
					};
				};
			};
			buildConfigurationList = B26CDBD82DF69DCC002C6CEA /* Build configuration list for PBXProject "ColorAssetCreator" */;
			developmentRegion = en;
			hasScannedForEncodings = 0;
			knownRegions = (
				en,
				Base,
			);
			mainGroup = B26CDBD42DF69DCC002C6CEA;
			minimizedProjectReferenceProxies = 1;
			preferredProjectObjectVersion = 77;
			productRefGroup = B26CDBDE2DF69DCC002C6CEA /* Products */;
			projectDirPath = "";
			projectRoot = "";
			targets = (
				B26CDBDC2DF69DCC002C6CEA /* ColorAssetCreator */,
				B26CDC162DF6AF87002C6CEA /* ColorAssetCreatorExtension */,
			);
		};
/* End PBXProject section */

/* Begin PBXResourcesBuildPhase section */
		B26CDBDB2DF69DCC002C6CEA /* Resources */ = {
			isa = PBXResourcesBuildPhase;
			buildActionMask = 2147483647;
			files = (
			);
			runOnlyForDeploymentPostprocessing = 0;
		};
		B26CDC152DF6AF87002C6CEA /* Resources */ = {
			isa = PBXResourcesBuildPhase;
			buildActionMask = 2147483647;
			files = (
			);
			runOnlyForDeploymentPostprocessing = 0;
		};
/* End PBXResourcesBuildPhase section */

/* Begin PBXSourcesBuildPhase section */
		B26CDBD92DF69DCC002C6CEA /* Sources */ = {
			isa = PBXSourcesBuildPhase;
			buildActionMask = 2147483647;
			files = (
			);
			runOnlyForDeploymentPostprocessing = 0;
		};
		B26CDC132DF6AF87002C6CEA /* Sources */ = {
			isa = PBXSourcesBuildPhase;
			buildActionMask = 2147483647;
			files = (
			);
			runOnlyForDeploymentPostprocessing = 0;
		};
/* End PBXSourcesBuildPhase section */

/* Begin PBXTargetDependency section */
		B26CDC252DF6AF87002C6CEA /* PBXTargetDependency */ = {
			isa = PBXTargetDependency;
			target = B26CDC162DF6AF87002C6CEA /* ColorAssetCreatorExtension */;
			targetProxy = B26CDC242DF6AF87002C6CEA /* PBXContainerItemProxy */;
		};
/* End PBXTargetDependency section */

/* Begin XCBuildConfiguration section */
		B26CDBE72DF69DCD002C6CEA /* Debug */ = {
			isa = XCBuildConfiguration;
			buildSettings = {
				ALWAYS_SEARCH_USER_PATHS = NO;
				ASSETCATALOG_COMPILER_GENERATE_SWIFT_ASSET_SYMBOL_EXTENSIONS = YES;
				CLANG_ANALYZER_NONNULL = YES;
				CLANG_ANALYZER_NUMBER_OBJECT_CONVERSION = YES_AGGRESSIVE;
				CLANG_CXX_LANGUAGE_STANDARD = "gnu++20";
				CLANG_ENABLE_MODULES = YES;
				CLANG_ENABLE_OBJC_ARC = YES;
				CLANG_ENABLE_OBJC_WEAK = YES;
				CLANG_WARN_BLOCK_CAPTURE_AUTORELEASING = YES;
				CLANG_WARN_BOOL_CONVERSION = YES;
				CLANG_WARN_COMMA = YES;
				CLANG_WARN_CONSTANT_CONVERSION = YES;
				CLANG_WARN_DEPRECATED_OBJC_IMPLEMENTATIONS = YES;
				CLANG_WARN_DIRECT_OBJC_ISA_USAGE = YES_ERROR;
				CLANG_WARN_DOCUMENTATION_COMMENTS = YES;
				CLANG_WARN_EMPTY_BODY = YES;
				CLANG_WARN_ENUM_CONVERSION = YES;
				CLANG_WARN_INFINITE_RECURSION = YES;
				CLANG_WARN_INT_CONVERSION = YES;
				CLANG_WARN_NON_LITERAL_NULL_CONVERSION = YES;
				CLANG_WARN_OBJC_IMPLICIT_RETAIN_SELF = YES;
				CLANG_WARN_OBJC_LITERAL_CONVERSION = YES;
				CLANG_WARN_OBJC_ROOT_CLASS = YES_ERROR;
				CLANG_WARN_QUOTED_INCLUDE_IN_FRAMEWORK_HEADER = YES;
				CLANG_WARN_RANGE_LOOP_ANALYSIS = YES;
				CLANG_WARN_STRICT_PROTOTYPES = YES;
				CLANG_WARN_SUSPICIOUS_MOVE = YES;
				CLANG_WARN_UNGUARDED_AVAILABILITY = YES_AGGRESSIVE;
				CLANG_WARN_UNREACHABLE_CODE = YES;
				CLANG_WARN__DUPLICATE_METHOD_MATCH = YES;
				COPY_PHASE_STRIP = NO;
				DEBUG_INFORMATION_FORMAT = dwarf;
				DEVELOPMENT_TEAM = BEU2F6LPKF;
				ENABLE_STRICT_OBJC_MSGSEND = YES;
				ENABLE_TESTABILITY = YES;
				ENABLE_USER_SCRIPT_SANDBOXING = YES;
				GCC_C_LANGUAGE_STANDARD = gnu17;
				GCC_DYNAMIC_NO_PIC = NO;
				GCC_NO_COMMON_BLOCKS = YES;
				GCC_OPTIMIZATION_LEVEL = 0;
				GCC_PREPROCESSOR_DEFINITIONS = (
					"DEBUG=1",
					"$(inherited)",
				);
				GCC_WARN_64_TO_32_BIT_CONVERSION = YES;
				GCC_WARN_ABOUT_RETURN_TYPE = YES_ERROR;
				GCC_WARN_UNDECLARED_SELECTOR = YES;
				GCC_WARN_UNINITIALIZED_AUTOS = YES_AGGRESSIVE;
				GCC_WARN_UNUSED_FUNCTION = YES;
				GCC_WARN_UNUSED_VARIABLE = YES;
				LOCALIZATION_PREFERS_STRING_CATALOGS = YES;
				MACOSX_DEPLOYMENT_TARGET = 15.4;
				MTL_ENABLE_DEBUG_INFO = INCLUDE_SOURCE;
				MTL_FAST_MATH = YES;
				ONLY_ACTIVE_ARCH = YES;
				SDKROOT = macosx;
				SWIFT_ACTIVE_COMPILATION_CONDITIONS = "DEBUG $(inherited)";
				SWIFT_OPTIMIZATION_LEVEL = "-Onone";
			};
			name = Debug;
		};
		B26CDBE82DF69DCD002C6CEA /* Release */ = {
			isa = XCBuildConfiguration;
			buildSettings = {
				ALWAYS_SEARCH_USER_PATHS = NO;
				ASSETCATALOG_COMPILER_GENERATE_SWIFT_ASSET_SYMBOL_EXTENSIONS = YES;
				CLANG_ANALYZER_NONNULL = YES;
				CLANG_ANALYZER_NUMBER_OBJECT_CONVERSION = YES_AGGRESSIVE;
				CLANG_CXX_LANGUAGE_STANDARD = "gnu++20";
				CLANG_ENABLE_MODULES = YES;
				CLANG_ENABLE_OBJC_ARC = YES;
				CLANG_ENABLE_OBJC_WEAK = YES;
				CLANG_WARN_BLOCK_CAPTURE_AUTORELEASING = YES;
				CLANG_WARN_BOOL_CONVERSION = YES;
				CLANG_WARN_COMMA = YES;
				CLANG_WARN_CONSTANT_CONVERSION = YES;
				CLANG_WARN_DEPRECATED_OBJC_IMPLEMENTATIONS = YES;
				CLANG_WARN_DIRECT_OBJC_ISA_USAGE = YES_ERROR;
				CLANG_WARN_DOCUMENTATION_COMMENTS = YES;
				CLANG_WARN_EMPTY_BODY = YES;
				CLANG_WARN_ENUM_CONVERSION = YES;
				CLANG_WARN_INFINITE_RECURSION = YES;
				CLANG_WARN_INT_CONVERSION = YES;
				CLANG_WARN_NON_LITERAL_NULL_CONVERSION = YES;
				CLANG_WARN_OBJC_IMPLICIT_RETAIN_SELF = YES;
				CLANG_WARN_OBJC_LITERAL_CONVERSION = YES;
				CLANG_WARN_OBJC_ROOT_CLASS = YES_ERROR;
				CLANG_WARN_QUOTED_INCLUDE_IN_FRAMEWORK_HEADER = YES;
				CLANG_WARN_RANGE_LOOP_ANALYSIS = YES;
				CLANG_WARN_STRICT_PROTOTYPES = YES;
				CLANG_WARN_SUSPICIOUS_MOVE = YES;
				CLANG_WARN_UNGUARDED_AVAILABILITY = YES_AGGRESSIVE;
				CLANG_WARN_UNREACHABLE_CODE = YES;
				CLANG_WARN__DUPLICATE_METHOD_MATCH = YES;
				COPY_PHASE_STRIP = NO;
				DEBUG_INFORMATION_FORMAT = "dwarf-with-dsym";
				DEVELOPMENT_TEAM = BEU2F6LPKF;
				ENABLE_NS_ASSERTIONS = NO;
				ENABLE_STRICT_OBJC_MSGSEND = YES;
				ENABLE_USER_SCRIPT_SANDBOXING = YES;
				GCC_C_LANGUAGE_STANDARD = gnu17;
				GCC_NO_COMMON_BLOCKS = YES;
				GCC_WARN_64_TO_32_BIT_CONVERSION = YES;
				GCC_WARN_ABOUT_RETURN_TYPE = YES_ERROR;
				GCC_WARN_UNDECLARED_SELECTOR = YES;
				GCC_WARN_UNINITIALIZED_AUTOS = YES_AGGRESSIVE;
				GCC_WARN_UNUSED_FUNCTION = YES;
				GCC_WARN_UNUSED_VARIABLE = YES;
				LOCALIZATION_PREFERS_STRING_CATALOGS = YES;
				MACOSX_DEPLOYMENT_TARGET = 15.4;
				MTL_ENABLE_DEBUG_INFO = NO;
				MTL_FAST_MATH = YES;
				SDKROOT = macosx;
				SWIFT_COMPILATION_MODE = wholemodule;
			};
			name = Release;
		};
		B26CDBEA2DF69DCD002C6CEA /* Debug */ = {
			isa = XCBuildConfiguration;
			buildSettings = {
				ASSETCATALOG_COMPILER_APPICON_NAME = AppIcon;
				ASSETCATALOG_COMPILER_GLOBAL_ACCENT_COLOR_NAME = AccentColor;
				CODE_SIGN_ENTITLEMENTS = ColorAssetCreator/ColorAssetCreator.entitlements;
				CODE_SIGN_STYLE = Automatic;
				COMBINE_HIDPI_IMAGES = YES;
				CURRENT_PROJECT_VERSION = 1;
				DEVELOPMENT_TEAM = BEU2F6LPKF;
				ENABLE_HARDENED_RUNTIME = YES;
				ENABLE_PREVIEWS = YES;
				GENERATE_INFOPLIST_FILE = YES;
				INFOPLIST_KEY_NSHumanReadableCopyright = "";
				LD_RUNPATH_SEARCH_PATHS = (
					"$(inherited)",
					"@executable_path/../Frameworks",
				);
				MARKETING_VERSION = 1.0;
				PRODUCT_BUNDLE_IDENTIFIER = com.tyflosaccessiblesoftware.ColorAssetCreator;
				PRODUCT_NAME = "$(TARGET_NAME)";
				REGISTER_APP_GROUPS = YES;
				SWIFT_EMIT_LOC_STRINGS = YES;
				SWIFT_VERSION = 5.0;
			};
			name = Debug;
		};
		B26CDBEB2DF69DCD002C6CEA /* Release */ = {
			isa = XCBuildConfiguration;
			buildSettings = {
				ASSETCATALOG_COMPILER_APPICON_NAME = AppIcon;
				ASSETCATALOG_COMPILER_GLOBAL_ACCENT_COLOR_NAME = AccentColor;
				CODE_SIGN_ENTITLEMENTS = ColorAssetCreator/ColorAssetCreator.entitlements;
				CODE_SIGN_STYLE = Automatic;
				COMBINE_HIDPI_IMAGES = YES;
				CURRENT_PROJECT_VERSION = 1;
				DEVELOPMENT_TEAM = BEU2F6LPKF;
				ENABLE_HARDENED_RUNTIME = YES;
				ENABLE_PREVIEWS = YES;
				GENERATE_INFOPLIST_FILE = YES;
				INFOPLIST_KEY_NSHumanReadableCopyright = "";
				LD_RUNPATH_SEARCH_PATHS = (
					"$(inherited)",
					"@executable_path/../Frameworks",
				);
				MARKETING_VERSION = 1.0;
				PRODUCT_BUNDLE_IDENTIFIER = com.tyflosaccessiblesoftware.ColorAssetCreator;
				PRODUCT_NAME = "$(TARGET_NAME)";
				REGISTER_APP_GROUPS = YES;
				SWIFT_EMIT_LOC_STRINGS = YES;
				SWIFT_VERSION = 5.0;
			};
			name = Release;
		};
		B26CDC282DF6AF87002C6CEA /* Debug */ = {
			isa = XCBuildConfiguration;
			buildSettings = {
				CODE_SIGN_ENTITLEMENTS = ColorAssetCreatorExtension/ColorAssetCreatorExtension.entitlements;
				CODE_SIGN_STYLE = Automatic;
				COMBINE_HIDPI_IMAGES = YES;
				CURRENT_PROJECT_VERSION = 1;
				DEVELOPMENT_TEAM = BEU2F6LPKF;
				ENABLE_HARDENED_RUNTIME = YES;
				GENERATE_INFOPLIST_FILE = YES;
				INFOPLIST_FILE = ColorAssetCreatorExtension/Info.plist;
				INFOPLIST_KEY_CFBundleDisplayName = ColorAssetCreatorExtension;
				INFOPLIST_KEY_NSHumanReadableCopyright = "";
				LD_RUNPATH_SEARCH_PATHS = (
					"$(inherited)",
					"@executable_path/../Frameworks",
					"@executable_path/../../../../Frameworks",
				);
				MARKETING_VERSION = 1.0;
				PRODUCT_BUNDLE_IDENTIFIER = com.tyflosaccessiblesoftware.ColorAssetCreator.ColorAssetCreatorExtension;
				PRODUCT_NAME = "$(TARGET_NAME)";
				SKIP_INSTALL = YES;
				SWIFT_EMIT_LOC_STRINGS = YES;
				SWIFT_VERSION = 5.0;
			};
			name = Debug;
		};
		B26CDC292DF6AF87002C6CEA /* Release */ = {
			isa = XCBuildConfiguration;
			buildSettings = {
				CODE_SIGN_ENTITLEMENTS = ColorAssetCreatorExtension/ColorAssetCreatorExtension.entitlements;
				CODE_SIGN_STYLE = Automatic;
				COMBINE_HIDPI_IMAGES = YES;
				CURRENT_PROJECT_VERSION = 1;
				DEVELOPMENT_TEAM = BEU2F6LPKF;
				ENABLE_HARDENED_RUNTIME = YES;
				GENERATE_INFOPLIST_FILE = YES;
				INFOPLIST_FILE = ColorAssetCreatorExtension/Info.plist;
				INFOPLIST_KEY_CFBundleDisplayName = ColorAssetCreatorExtension;
				INFOPLIST_KEY_NSHumanReadableCopyright = "";
				LD_RUNPATH_SEARCH_PATHS = (
					"$(inherited)",
					"@executable_path/../Frameworks",
					"@executable_path/../../../../Frameworks",
				);
				MARKETING_VERSION = 1.0;
				PRODUCT_BUNDLE_IDENTIFIER = com.tyflosaccessiblesoftware.ColorAssetCreator.ColorAssetCreatorExtension;
				PRODUCT_NAME = "$(TARGET_NAME)";
				SKIP_INSTALL = YES;
				SWIFT_EMIT_LOC_STRINGS = YES;
				SWIFT_VERSION = 5.0;
			};
			name = Release;
		};
/* End XCBuildConfiguration section */

/* Begin XCConfigurationList section */
		B26CDBD82DF69DCC002C6CEA /* Build configuration list for PBXProject "ColorAssetCreator" */ = {
			isa = XCConfigurationList;
			buildConfigurations = (
				B26CDBE72DF69DCD002C6CEA /* Debug */,
				B26CDBE82DF69DCD002C6CEA /* Release */,
			);
			defaultConfigurationIsVisible = 0;
			defaultConfigurationName = Release;
		};
		B26CDBE92DF69DCD002C6CEA /* Build configuration list for PBXNativeTarget "ColorAssetCreator" */ = {
			isa = XCConfigurationList;
			buildConfigurations = (
				B26CDBEA2DF69DCD002C6CEA /* Debug */,
				B26CDBEB2DF69DCD002C6CEA /* Release */,
			);
			defaultConfigurationIsVisible = 0;
			defaultConfigurationName = Release;
		};
		B26CDC2B2DF6AF87002C6CEA /* Build configuration list for PBXNativeTarget "ColorAssetCreatorExtension" */ = {
			isa = XCConfigurationList;
			buildConfigurations = (
				B26CDC282DF6AF87002C6CEA /* Debug */,
				B26CDC292DF6AF87002C6CEA /* Release */,
			);
			defaultConfigurationIsVisible = 0;
			defaultConfigurationName = Release;
		};
/* End XCConfigurationList section */
	};
	rootObject = B26CDBD52DF69DCC002C6CEA /* Project object */;
}
